github.com/a-novel/gateway-utils v0.0.0-20240710154053-ae417187d97a h1:M3p+BErCMNAl0Jt1mzMUfCsOVZ1lXag6S+fCQOltECA=
github.com/a-novel/gateway-utils v0.0.0-20240710154053-ae417187d97a/go.mod h1:Ox9jLurZ8Sv1uZeqATDkiFDsuAqL2rldowYARW97KJk=
gopkg.in/check.v1 v0.0.0-20161208181325-20d25e280405 h1:yhCVgyC4o1eVCa2tZl7eS0r+SDo693bJlVdllGtEeKM=
gopkg.in/check.v1 v0.0.0-20161208181325-20d25e280405/go.mod h1:Co6ibVJAznAaIkqp8huTwlJQCZ016jof/cbN4VW5Yz0=
gopkg.in/yaml.v3 v3.0.1 h1:fxVm/GzAzEWqLHuvctI91KS9hhNmmWOoWu0XTYJS7CA=
gopkg.in/yaml.v3 v3.0.1/go.mod h1:K4uyk7z7BCEPqu6E+C64Yfv1cQ7kz7rIZviUmN+EgEM=
